{
  "version": 4,
  "terraform_version": "1.3.2",
  "serial": 8,
  "lineage": "dce73bf2-719e-e64b-032f-151de8150e82",
  "outputs": {},
  "resources": [
    {
      "mode": "data",
      "type": "digitalocean_ssh_key",
      "name": "dg-i",
      "provider": "provider[\"registry.terraform.io/digitalocean/digitalocean\"]",
      "instances": [
        {
          "schema_version": 0,
          "attributes": {
            "fingerprint": "12:63:ad:1d:ae:56:43:aa:b7:47:21:d5:07:4b:e4:da",
            "id": 35860836,
            "name": "dg-i",
            "public_key": "ssh-rsa AAAAB3NzaC1yc2EAAAADAQABAAACAQCqJ/J2VwMX/eb+WnZnGfNaN3x3wxo2LDIbGHXRgHaBHASgudpZSOBIdN+u44od73e2HgVU/0X+YfH1MzRs3pcKj3sDc/60JTPE7EsWrSDlWnvG9ohrcAWOEyvsVRNh5p7Zqn12COTE5Wt9O4M0GL2yhy8W4P3VFfoaMR1AQBnUJb/HsZSg9v/0I0bXJ2XrESTOc2hL1NUyGh0HUp5PbCjna6ayVO5Eti7jpjOwkUQKItCWJSLCrtvHtgBt18aqu6LG/NjTPemhM1y3YYIY5QGJPLUZIrZBXWPYBdYVc9DbI8G3PuHcmcSpp0I0zpLnCX//co76r5q6LOUwIp7cMaHvMBWes+E8jSUwJaEGUpmDI5PpmpblyKSWxziuoLsU8VUhSuQlZqCEWOf/kx4FrEyer9ousRmnH0RG+clm63OWbsK1MFYYm1X2a5ZrZuq/XtgrVfFRP293xP4HvYiTen2BhpLfjGb7UMPlmIWwkeOFLMGRgZSZBltJt5VkdyaCJzYEGXTR9YVbqRMXuI43Xb1mLHf96s8NZ9L40cxGPfJXS4wRX363UHNTUtKlgY1wGlx9/WHf1eBkkQnECbdwW5+EaDHDd3FqoDXl0gtgvXMd23sMS+MiPFqC12ubIuwdqvziKRcH6NBa7LX2fKDhI0mjwvjtsyWHbPHPBB5rjQVOHQ== marcel.morck@dg-i.net\n"
          },
          "sensitive_attributes": []
        }
      ]
    },
    {
      "mode": "managed",
      "type": "digitalocean_droplet",
      "name": "www-1",
      "provider": "provider[\"registry.terraform.io/digitalocean/digitalocean\"]",
      "instances": [
        {
          "status": "tainted",
          "schema_version": 1,
          "attributes": {
            "backups": false,
            "created_at": "2023-06-27T22:31:17Z",
            "disk": 25,
            "droplet_agent": null,
            "graceful_shutdown": false,
            "id": "362593308",
            "image": "ubuntu-20-04-x64",
            "ipv4_address": "159.65.184.134",
            "ipv4_address_private": "10.108.0.2",
            "ipv6": false,
            "ipv6_address": "",
            "locked": false,
            "memory": 1024,
            "monitoring": false,
            "name": "www-1",
            "price_hourly": 0.00893,
            "price_monthly": 6,
            "private_networking": true,
            "region": "nyc3",
            "resize_disk": true,
            "size": "s-1vcpu-1gb",
            "ssh_keys": [
              "35860836"
            ],
            "status": "active",
            "tags": null,
            "timeouts": null,
            "urn": "do:droplet:362593308",
            "user_data": null,
            "vcpus": 1,
            "volume_ids": [],
            "vpc_uuid": "f5e06798-141f-4a62-ba80-4e6222beb1bd"
          },
          "sensitive_attributes": [],
          "private": "eyJlMmJmYjczMC1lY2FhLTExZTYtOGY4OC0zNDM2M2JjN2M0YzAiOnsiY3JlYXRlIjozNjAwMDAwMDAwMDAwLCJkZWxldGUiOjYwMDAwMDAwMDAwLCJ1cGRhdGUiOjM2MDAwMDAwMDAwMDB9LCJzY2hlbWFfdmVyc2lvbiI6IjEifQ==",
          "dependencies": [
            "data.digitalocean_ssh_key.dg-i"
          ]
        }
      ]
    }
  ],
  "check_results": []
}
